github.com/mdw-cohort-b/calc-lib v0.0.0-20241029164431-9a9e4dbacf15 h1:rI58vsUE4FTxtR0bxKiA5tCHjgddU34sexRV0r0KLUk=
github.com/mdw-cohort-b/calc-lib v0.0.0-20241029164431-9a9e4dbacf15/go.mod h1:zDugLVx517jnAfBP4D9MspU2sT8ymPOP6/XtXN/9ls0=
github.com/mdw-cohort-b/calc-lib v0.0.0-20241029164613-97ff379d41ac h1:7ULxM0GEE9Glvw7UKxpn7+DP+wM9G75i2bcdQMqcZNU=
github.com/mdw-cohort-b/calc-lib v0.0.0-20241029164613-97ff379d41ac/go.mod h1:zDugLVx517jnAfBP4D9MspU2sT8ymPOP6/XtXN/9ls0=
