github.com/mdw-cohort-b/calc-lib v0.0.0 h1:7hSBuE/XnGOft3tgC1iaXQFc6AcMCTKlwBv3lnT1KOc=
github.com/mdw-cohort-b/calc-lib v0.0.0/go.mod h1:zDugLVx517jnAfBP4D9MspU2sT8ymPOP6/XtXN/9ls0=
github.com/mdw-cohort-b/calc-lib v0.1.0 h1:0jRVfV3L+YVWKOacLAo1f/ddacCfjfxh5yor3KF9pk8=
github.com/mdw-cohort-b/calc-lib v0.1.0/go.mod h1:zDugLVx517jnAfBP4D9MspU2sT8ymPOP6/XtXN/9ls0=
